{
  "name": "agrafes-pilotage",
  "lockfileVersion": 3,
  "requires": true,
  "packages": {
    "": {
      "name": "agrafes-pilotage",
      "devDependencies": {
        "pilote": "git+https://github.com/Hsbtqemy/pilote.git"
      }
    },
    "node_modules/pilote": {
      "version": "0.1.0",
      "resolved": "git+ssh://git@github.com/Hsbtqemy/pilote.git#1e9a69fb91b73e9b28c2e5c3652520f39665c6a4",
      "dev": true,
      "license": "MIT",
      "bin": {
        "pilote": "journal.mjs"
      },
      "engines": {
        "node": ">=18"
      }
    }
  }
}
