{
  "name": "agrafes-pilotage",
  "lockfileVersion": 3,
  "requires": true,
  "packages": {
    "": {
      "name": "agrafes-pilotage",
      "devDependencies": {
        "pilote": "github:Hsbtqemy/pilote#dae56f6da5c19624764e5be820fd3aeaca68959d"
      }
    },
    "node_modules/pilote": {
      "version": "0.1.0",
      "resolved": "git+ssh://git@github.com/Hsbtqemy/pilote.git#dae56f6da5c19624764e5be820fd3aeaca68959d",
      "integrity": "sha512-I9Ew0eqbPwZIuFbG3woqD9v5GbONeN2vTvcKIiRyYdfaiqwDfooc9TNyJV/yTJAtYoMwttTcOwLaL3j2ek/m0A==",
      "dev": true,
      "license": "MIT",
      "bin": {
        "pilote": "journal.mjs"
      },
      "engines": {
        "node": ">=18"
      }
    }
  }
}
